
Microsoft Visual Studio Solution File, Format Version 12.00
# Visual Studio Version 16
VisualStudioVersion = 16.0.30523.141
MinimumVisualStudioVersion = 10.0.40219.1
Project("{8BC9CEB8-8B4A-11D0-8D11-00A0C91BC942}") = "Intro", "Intro\Intro.vcxproj", "{650277A2-C7E9-40A1-ADA1-8439D45D40D7}"
EndProject
Project("{8BC9CEB8-8B4A-11D0-8D11-00A0C91BC942}") = "Fraction", "Fraction\Fraction.vcxproj", "{748FB8F7-08E8-4ADD-BDB0-4CAD47326F95}"
EndProject
Project("{8BC9CEB8-8B4A-11D0-8D11-00A0C91BC942}") = "String", "String\String.vcxproj", "{C663635F-2DF3-481B-B5AA-91673DE0DCE4}"
EndProject
Project("{8BC9CEB8-8B4A-11D0-8D11-00A0C91BC942}") = "to_fraction", "to_fraction\to_fraction.vcxproj", "{721D3910-8458-4774-9B34-62D285A45A48}"
EndProject
Global
	GlobalSection(SolutionConfigurationPlatforms) = preSolution
		Debug|x64 = Debug|x64
		Debug|x86 = Debug|x86
		Release|x64 = Release|x64
		Release|x86 = Release|x86
	EndGlobalSection
	GlobalSection(ProjectConfigurationPlatforms) = postSolution
		{650277A2-C7E9-40A1-ADA1-8439D45D40D7}.Debug|x64.ActiveCfg = Debug|x64
		{650277A2-C7E9-40A1-ADA1-8439D45D40D7}.Debug|x64.Build.0 = Debug|x64
		{650277A2-C7E9-40A1-ADA1-8439D45D40D7}.Debug|x86.ActiveCfg = Debug|Win32
		{650277A2-C7E9-40A1-ADA1-8439D45D40D7}.Debug|x86.Build.0 = Debug|Win32
		{650277A2-C7E9-40A1-ADA1-8439D45D40D7}.Release|x64.ActiveCfg = Release|x64
		{650277A2-C7E9-40A1-ADA1-8439D45D40D7}.Release|x64.Build.0 = Release|x64
		{650277A2-C7E9-40A1-ADA1-8439D45D40D7}.Release|x86.ActiveCfg = Release|Win32
		{650277A2-C7E9-40A1-ADA1-8439D45D40D7}.Release|x86.Build.0 = Release|Win32
		{748FB8F7-08E8-4ADD-BDB0-4CAD47326F95}.Debug|x64.ActiveCfg = Debug|x64
		{748FB8F7-08E8-4ADD-BDB0-4CAD47326F95}.Debug|x64.Build.0 = Debug|x64
		{748FB8F7-08E8-4ADD-BDB0-4CAD47326F95}.Debug|x86.ActiveCfg = Debug|Win32
		{748FB8F7-08E8-4ADD-BDB0-4CAD47326F95}.Debug|x86.Build.0 = Debug|Win32
		{748FB8F7-08E8-4ADD-BDB0-4CAD47326F95}.Release|x64.ActiveCfg = Release|x64
		{748FB8F7-08E8-4ADD-BDB0-4CAD47326F95}.Release|x64.Build.0 = Release|x64
		{748FB8F7-08E8-4ADD-BDB0-4CAD47326F95}.Release|x86.ActiveCfg = Release|Win32
		{748FB8F7-08E8-4ADD-BDB0-4CAD47326F95}.Release|x86.Build.0 = Release|Win32
		{C663635F-2DF3-481B-B5AA-91673DE0DCE4}.Debug|x64.ActiveCfg = Debug|x64
		{C663635F-2DF3-481B-B5AA-91673DE0DCE4}.Debug|x64.Build.0 = Debug|x64
		{C663635F-2DF3-481B-B5AA-91673DE0DCE4}.Debug|x86.ActiveCfg = Debug|Win32
		{C663635F-2DF3-481B-B5AA-91673DE0DCE4}.Debug|x86.Build.0 = Debug|Win32
		{C663635F-2DF3-481B-B5AA-91673DE0DCE4}.Release|x64.ActiveCfg = Release|x64
		{C663635F-2DF3-481B-B5AA-91673DE0DCE4}.Release|x64.Build.0 = Release|x64
		{C663635F-2DF3-481B-B5AA-91673DE0DCE4}.Release|x86.ActiveCfg = Release|Win32
		{C663635F-2DF3-481B-B5AA-91673DE0DCE4}.Release|x86.Build.0 = Release|Win32
		{721D3910-8458-4774-9B34-62D285A45A48}.Debug|x64.ActiveCfg = Debug|x64
		{721D3910-8458-4774-9B34-62D285A45A48}.Debug|x64.Build.0 = Debug|x64
		{721D3910-8458-4774-9B34-62D285A45A48}.Debug|x86.ActiveCfg = Debug|Win32
		{721D3910-8458-4774-9B34-62D285A45A48}.Debug|x86.Build.0 = Debug|Win32
		{721D3910-8458-4774-9B34-62D285A45A48}.Release|x64.ActiveCfg = Release|x64
		{721D3910-8458-4774-9B34-62D285A45A48}.Release|x64.Build.0 = Release|x64
		{721D3910-8458-4774-9B34-62D285A45A48}.Release|x86.ActiveCfg = Release|Win32
		{721D3910-8458-4774-9B34-62D285A45A48}.Release|x86.Build.0 = Release|Win32
	EndGlobalSection
	GlobalSection(SolutionProperties) = preSolution
		HideSolutionNode = FALSE
	EndGlobalSection
	GlobalSection(ExtensibilityGlobals) = postSolution
		SolutionGuid = {266AFF71-9FD0-47DC-8380-EED67C5AF4A4}
	EndGlobalSection
EndGlobal
